
Microsoft Visual Studio Solution File, Format Version 12.00
# Visual Studio Version 17
VisualStudioVersion = 17.3.32819.101
MinimumVisualStudioVersion = 10.0.40219.1
Project("{FAE04EC0-301F-11D3-BF4B-00C04F79EFBC}") = "ChallengeInsert", "ChallengeInsert.csproj", "{98364F3E-3F77-4110-910C-7F4009001BE4}"
EndProject
Global
	GlobalSection(SolutionConfigurationPlatforms) = preSolution
		Debug|Any CPU = Debug|Any CPU
		Release|Any CPU = Release|Any CPU
	EndGlobalSection
	GlobalSection(ProjectConfigurationPlatforms) = postSolution
		{98364F3E-3F77-4110-910C-7F4009001BE4}.Debug|Any CPU.ActiveCfg = Debug|Any CPU
		{98364F3E-3F77-4110-910C-7F4009001BE4}.Debug|Any CPU.Build.0 = Debug|Any CPU
		{98364F3E-3F77-4110-910C-7F4009001BE4}.Release|Any CPU.ActiveCfg = Release|Any CPU
		{98364F3E-3F77-4110-910C-7F4009001BE4}.Release|Any CPU.Build.0 = Release|Any CPU
	EndGlobalSection
	GlobalSection(SolutionProperties) = preSolution
		HideSolutionNode = FALSE
	EndGlobalSection
	GlobalSection(ExtensibilityGlobals) = postSolution
		SolutionGuid = {2968AEE2-3F99-4BA1-9C68-48A83C0FC1C9}
	EndGlobalSection
EndGlobal
